<Solution>
  <Project Path="Acuaria.Aquarium.EditModeTests.csproj" />
  <Project Path="Acuaria.Fish.csproj" />
  <Project Path="Acuaria.Aquarium.csproj" />
  <Project Path="Acuaria.Fish.EditModeTests.csproj" />
  <Project Path="Acuaria.Room.csproj" />
  <Project Path="Acuaria.Food.csproj" />
  <Project Path="Acuaria.Audio.csproj" />
  <Project Path="Acuaria.Room.EditModeTests.csproj" />
  <Project Path="Acuaria.Simulation.csproj" />
  <Project Path="Acuaria.Editor.csproj" />
  <Project Path="Acuaria.UI.csproj" />
  <Project Path="Acuaria.Core.csproj" />
  <Project Path="Acuaria.Feeding.EditModeTests.csproj" />
</Solution>
